
Microsoft Visual Studio Solution File, Format Version 12.00
# Visual Studio Version 17
VisualStudioVersion = 17.5.33424.131
MinimumVisualStudioVersion = 10.0.40219.1
Project("{9A19103F-16F7-4668-BE54-9A1E7A4F7556}") = "JewelryRentalSystem", "JewelryRentalSystem\JewelryRentalSystem.csproj", "{E10DCE6F-960B-4BEE-BDE4-C534E181BF13}"
EndProject
Project("{9A19103F-16F7-4668-BE54-9A1E7A4F7556}") = "JewelryRentalSystemAPI", "JewelryRentalSystemAPI\JewelryRentalSystemAPI.csproj", "{DA7EAE4A-A8FA-4C78-B405-B7F8507288C7}"
EndProject
Global
	GlobalSection(SolutionConfigurationPlatforms) = preSolution
		Debug|Any CPU = Debug|Any CPU
		Release|Any CPU = Release|Any CPU
	EndGlobalSection
	GlobalSection(ProjectConfigurationPlatforms) = postSolution
		{E10DCE6F-960B-4BEE-BDE4-C534E181BF13}.Debug|Any CPU.ActiveCfg = Debug|Any CPU
		{E10DCE6F-960B-4BEE-BDE4-C534E181BF13}.Debug|Any CPU.Build.0 = Debug|Any CPU
		{E10DCE6F-960B-4BEE-BDE4-C534E181BF13}.Release|Any CPU.ActiveCfg = Release|Any CPU
		{E10DCE6F-960B-4BEE-BDE4-C534E181BF13}.Release|Any CPU.Build.0 = Release|Any CPU
		{DA7EAE4A-A8FA-4C78-B405-B7F8507288C7}.Debug|Any CPU.ActiveCfg = Debug|Any CPU
		{DA7EAE4A-A8FA-4C78-B405-B7F8507288C7}.Debug|Any CPU.Build.0 = Debug|Any CPU
		{DA7EAE4A-A8FA-4C78-B405-B7F8507288C7}.Release|Any CPU.ActiveCfg = Release|Any CPU
		{DA7EAE4A-A8FA-4C78-B405-B7F8507288C7}.Release|Any CPU.Build.0 = Release|Any CPU
	EndGlobalSection
	GlobalSection(SolutionProperties) = preSolution
		HideSolutionNode = FALSE
	EndGlobalSection
	GlobalSection(ExtensibilityGlobals) = postSolution
		SolutionGuid = {964C58D5-0D1A-48B2-9C78-BD5047247B5B}
	EndGlobalSection
EndGlobal
